
Microsoft Visual Studio Solution File, Format Version 12.00
# Visual Studio Version 17
VisualStudioVersion = 17.0.32112.339
MinimumVisualStudioVersion = 10.0.40219.1
Project("{9A19103F-16F7-4668-BE54-9A1E7A4F7556}") = "RavenStore.Core", "RavenStore.Core\RavenStore.Core.csproj", "{C4DE391A-19F5-4D5C-AED9-987A92CC4EF4}"
EndProject
Project("{FAE04EC0-301F-11D3-BF4B-00C04F79EFBC}") = "RavenStore.App", "RavenStore.App\RavenStore.App.csproj", "{4142CA06-22E4-42A0-9B2E-5019D479C451}"
EndProject
Global
	GlobalSection(SolutionConfigurationPlatforms) = preSolution
		Debug|Any CPU = Debug|Any CPU
		Release|Any CPU = Release|Any CPU
	EndGlobalSection
	GlobalSection(ProjectConfigurationPlatforms) = postSolution
		{C4DE391A-19F5-4D5C-AED9-987A92CC4EF4}.Debug|Any CPU.ActiveCfg = Debug|Any CPU
		{C4DE391A-19F5-4D5C-AED9-987A92CC4EF4}.Debug|Any CPU.Build.0 = Debug|Any CPU
		{C4DE391A-19F5-4D5C-AED9-987A92CC4EF4}.Release|Any CPU.ActiveCfg = Release|Any CPU
		{C4DE391A-19F5-4D5C-AED9-987A92CC4EF4}.Release|Any CPU.Build.0 = Release|Any CPU
		{4142CA06-22E4-42A0-9B2E-5019D479C451}.Debug|Any CPU.ActiveCfg = Debug|Any CPU
		{4142CA06-22E4-42A0-9B2E-5019D479C451}.Debug|Any CPU.Build.0 = Debug|Any CPU
		{4142CA06-22E4-42A0-9B2E-5019D479C451}.Release|Any CPU.ActiveCfg = Release|Any CPU
		{4142CA06-22E4-42A0-9B2E-5019D479C451}.Release|Any CPU.Build.0 = Release|Any CPU
	EndGlobalSection
	GlobalSection(SolutionProperties) = preSolution
		HideSolutionNode = FALSE
	EndGlobalSection
	GlobalSection(ExtensibilityGlobals) = postSolution
		SolutionGuid = {0D398727-CF3A-4CFB-B443-8E2ED028AD9A}
	EndGlobalSection
EndGlobal
